<?xml version="1.0" encoding="utf-8"?>
<Project ToolsVersion="16.0" xmlns="http://schemas.microsoft.com/developer/msbuild/2003">
  <ItemGroup>
    <ClCompile Include="..\..\..\..\..\Ifc\Examples\ExIfcModelFiller\ExIfcModelFiller.cpp">
      <Filter>Source Files</Filter>
    </ClCompile>
    <ClCompile Include="..\..\..\..\..\Ifc\Extensions\ExServices\ExIfcHostAppServices.cpp">
      <Filter>Source Files</Filter>
    </ClCompile>
    <ClCompile Include="..\..\..\..\..\KernelBase\Extensions\alloc\OdAllocOp.cpp">
      <Filter>Source Files</Filter>
    </ClCompile>
  </ItemGroup>
  <ItemGroup>
    <ClInclude Include="..\..\..\..\..\Ifc\Examples\ExIfcModelFiller\ExIfcModelFiller.h">
      <Filter>Header Files</Filter>
    </ClInclude>
  </ItemGroup>
  <ItemGroup>
    <ResourceCompile Include="..\..\..\..\..\Ifc\Examples\ExIfcModelFiller\ExIfcModelFiller.rc">
      <Filter>Source Files</Filter>
    </ResourceCompile>
  </ItemGroup>
  <ItemGroup>
    <Filter Include="Header Files">
      <UniqueIdentifier>{40FB4FC7-61A7-3C4A-BD74-83328FA9FF80}</UniqueIdentifier>
    </Filter>
    <Filter Include="Source Files">
      <UniqueIdentifier>{06CAB9B1-521A-38FB-BDAD-5991FAF99E7F}</UniqueIdentifier>
    </Filter>
  </ItemGroup>
</Project>
