Microsoft Visual Studio Solution File, Format Version 12.00
# Visual Studio 16
Project("{2150E333-8FDC-42A3-9474-1A3956D46DE8}") = "Common Examples", "Common Examples", "{EC9A741C-AB52-3A54-96F6-454EFF93670D}"
EndProject
Project("{2150E333-8FDC-42A3-9474-1A3956D46DE8}") = "Net Framework Examples", "Common Examples\Net Framework Examples", "{8A88D6B4-FE50-3DDB-B7AE-87705DDE6301}"
EndProject
Project("{2150E333-8FDC-42A3-9474-1A3956D46DE8}") = "Products", "Products", "{D664A98A-3853-3CE7-8977-1D19B35CA0A0}"
EndProject
Project("{2150E333-8FDC-42A3-9474-1A3956D46DE8}") = "Dgn", "Products\Dgn", "{716BFC1C-55AF-3B23-B284-A9A6C2EC25AC}"
EndProject
Project("{2150E333-8FDC-42A3-9474-1A3956D46DE8}") = "Net Framework Examples", "Products\Dgn\Net Framework Examples", "{8F771409-D050-3FFE-97A9-D723DF9FFF50}"
EndProject
Project("{2150E333-8FDC-42A3-9474-1A3956D46DE8}") = "Libs", "Products\Dgn\Net Framework Examples\Libs", "{C060B52B-7546-33B8-B4CD-D99A407997D3}"
EndProject
Project("{2150E333-8FDC-42A3-9474-1A3956D46DE8}") = "Drawings", "Products\Drawings", "{702FCE63-4F9E-3820-81C9-55017CB95D4E}"
EndProject
Project("{2150E333-8FDC-42A3-9474-1A3956D46DE8}") = "Net Framework Examples", "Products\Drawings\Net Framework Examples", "{84392B05-A6BC-3410-9EF5-7A7C3306B2A2}"
EndProject
Project("{2150E333-8FDC-42A3-9474-1A3956D46DE8}") = "Libs", "Products\Drawings\Net Framework Examples\Libs", "{39C42C9C-DB64-31A0-B9FA-FE107C03E895}"
EndProject
Project("{2150E333-8FDC-42A3-9474-1A3956D46DE8}") = "VB.NET Examples", "Products\Drawings\VB.NET Examples", "{D1CC7BE8-2642-39B7-95FD-D9B5DC13253E}"
EndProject
Project("{2150E333-8FDC-42A3-9474-1A3956D46DE8}") = "Kernel", "Products\Kernel", "{7B944A9E-1F91-3F89-9202-49324BD474A5}"
EndProject
Project("{2150E333-8FDC-42A3-9474-1A3956D46DE8}") = "Net Framework Examples", "Products\Kernel\Net Framework Examples", "{727613A3-0AC2-3B22-AC44-06B945373784}"
EndProject
Project("{2150E333-8FDC-42A3-9474-1A3956D46DE8}") = "Libs", "Products\Kernel\Net Framework Examples\Libs", "{EE459F08-4E84-3670-8F46-E5D924C0E173}"
EndProject
Project("{2150E333-8FDC-42A3-9474-1A3956D46DE8}") = "PointCloud", "Products\PointCloud", "{7D267601-831B-36D9-B3C0-479204637768}"
EndProject
Project("{2150E333-8FDC-42A3-9474-1A3956D46DE8}") = "Net Framework Examples", "Products\PointCloud\Net Framework Examples", "{5CA36997-F009-3F45-8C89-11CB3D758F88}"
EndProject
Project("{FAE04EC0-301F-11D3-BF4B-00C04F79EFBC}") = "EvaluationExampleMgd", "Swig\SwigODAExamples\Drawings\CSharp\EvaluationExample\EvaluationExampleMgd.csproj", "{31AD2E2B-FE87-3987-81A6-FD11914A89AF}"
	ProjectSection(ProjectDependencies) = postProject
		{DA44D53D-6C7C-3BBF-BED9-9D1F58BE5EF2} = {DA44D53D-6C7C-3BBF-BED9-9D1F58BE5EF2}
	EndProjectSection
EndProject
Project("{FAE04EC0-301F-11D3-BF4B-00C04F79EFBC}") = "ExBrepBuilderSwigMgd", "Swig\SwigODAExamples\Drawings\CSharp\ExBrepBuilderSwig\ExBrepBuilderSwigMgd.csproj", "{B7EB2620-9D12-3FB0-BB31-D48B78DC7A6D}"
	ProjectSection(ProjectDependencies) = postProject
		{DA44D53D-6C7C-3BBF-BED9-9D1F58BE5EF2} = {DA44D53D-6C7C-3BBF-BED9-9D1F58BE5EF2}
	EndProjectSection
EndProject
Project("{FAE04EC0-301F-11D3-BF4B-00C04F79EFBC}") = "ExDgnCreateSwigMgd", "Swig\SwigODAExamples\Dgn\CSharp\ExDgnCreateSwig\ExDgnCreateSwigMgd.csproj", "{2002A086-0EB1-3FB9-8DDC-4963F22D5320}"
	ProjectSection(ProjectDependencies) = postProject
		{DA44D53D-6C7C-3BBF-BED9-9D1F58BE5EF2} = {DA44D53D-6C7C-3BBF-BED9-9D1F58BE5EF2}
	EndProjectSection
EndProject
Project("{FAE04EC0-301F-11D3-BF4B-00C04F79EFBC}") = "ExDgnDumpSwigMgd", "Swig\SwigODAExamples\Dgn\CSharp\ExDgnDumpSwig\ExDgnDumpSwigMgd.csproj", "{DEBFFD73-EC78-3940-AB10-C0A40FB679DE}"
	ProjectSection(ProjectDependencies) = postProject
		{DA44D53D-6C7C-3BBF-BED9-9D1F58BE5EF2} = {DA44D53D-6C7C-3BBF-BED9-9D1F58BE5EF2}
		{DF3B2B0F-266B-39C9-B280-67E442CB471A} = {DF3B2B0F-266B-39C9-B280-67E442CB471A}
	EndProjectSection
EndProject
Project("{FAE04EC0-301F-11D3-BF4B-00C04F79EFBC}") = "ExDgnReadWriteSwigMgd", "Swig\SwigODAExamples\Dgn\CSharp\ExDgnReadWriteSwig\ExDgnReadWriteSwigMgd.csproj", "{0C85E26F-473F-3E9A-BE44-6E68DFD1BF03}"
	ProjectSection(ProjectDependencies) = postProject
		{DA44D53D-6C7C-3BBF-BED9-9D1F58BE5EF2} = {DA44D53D-6C7C-3BBF-BED9-9D1F58BE5EF2}
		{DF3B2B0F-266B-39C9-B280-67E442CB471A} = {DF3B2B0F-266B-39C9-B280-67E442CB471A}
	EndProjectSection
EndProject
Project("{FAE04EC0-301F-11D3-BF4B-00C04F79EFBC}") = "ExDgnSimpleProjectSwigMgd", "Swig\SwigODAExamples\Dgn\CSharp\ExDgnSimpleProjectSwig\ExDgnSimpleProjectSwigMgd.csproj", "{9AF19135-90C8-3F28-BABC-E25EED64C719}"
	ProjectSection(ProjectDependencies) = postProject
		{DA44D53D-6C7C-3BBF-BED9-9D1F58BE5EF2} = {DA44D53D-6C7C-3BBF-BED9-9D1F58BE5EF2}
	EndProjectSection
EndProject
Project("{FAE04EC0-301F-11D3-BF4B-00C04F79EFBC}") = "ExDgnVectorizeSwigMgd", "Swig\SwigODAExamples\Dgn\CSharp\ExDgnVectorizeSwig\ExDgnVectorizeSwigMgd.csproj", "{51496A0D-72ED-312F-B731-D4F6B6E28026}"
	ProjectSection(ProjectDependencies) = postProject
		{DA44D53D-6C7C-3BBF-BED9-9D1F58BE5EF2} = {DA44D53D-6C7C-3BBF-BED9-9D1F58BE5EF2}
	EndProjectSection
EndProject
Project("{FAE04EC0-301F-11D3-BF4B-00C04F79EFBC}") = "MultiThreadedDumperMgd", "Swig\SwigODAExamples\Drawings\CSharp\MultiThreadedDumper\MultiThreadedDumperMgd.csproj", "{C5859450-EA80-383D-AA8F-B671944F448B}"
	ProjectSection(ProjectDependencies) = postProject
		{DA44D53D-6C7C-3BBF-BED9-9D1F58BE5EF2} = {DA44D53D-6C7C-3BBF-BED9-9D1F58BE5EF2}
	EndProjectSection
EndProject
Project("{FAE04EC0-301F-11D3-BF4B-00C04F79EFBC}") = "OdBagFilerExSwigMgd", "Swig\SwigODAExamples\Drawings\CSharp\OdBagFilerExSwig\OdBagFilerExSwigMgd.csproj", "{C4B40564-5519-3397-9DC4-105E7EFEB972}"
	ProjectSection(ProjectDependencies) = postProject
		{DA44D53D-6C7C-3BBF-BED9-9D1F58BE5EF2} = {DA44D53D-6C7C-3BBF-BED9-9D1F58BE5EF2}
	EndProjectSection
EndProject
Project("{FAE04EC0-301F-11D3-BF4B-00C04F79EFBC}") = "OdBrExSwigMgd", "Swig\SwigODAExamples\Drawings\CSharp\OdBrExSwig\OdBrExSwigMgd.csproj", "{1C7EF758-256E-37F3-A033-55DE44129032}"
	ProjectSection(ProjectDependencies) = postProject
		{DA44D53D-6C7C-3BBF-BED9-9D1F58BE5EF2} = {DA44D53D-6C7C-3BBF-BED9-9D1F58BE5EF2}
	EndProjectSection
EndProject
Project("{FAE04EC0-301F-11D3-BF4B-00C04F79EFBC}") = "OdColladaExportExSwigMgd", "Swig\SwigODAExamples\Drawings\CSharp\OdColladaExportExSwig\OdColladaExportExSwigMgd.csproj", "{AD3B0270-EECF-3261-9543-E6C5DFA69D68}"
	ProjectSection(ProjectDependencies) = postProject
		{DA44D53D-6C7C-3BBF-BED9-9D1F58BE5EF2} = {DA44D53D-6C7C-3BBF-BED9-9D1F58BE5EF2}
	EndProjectSection
EndProject
Project("{FAE04EC0-301F-11D3-BF4B-00C04F79EFBC}") = "OdCreationNetSwigExampleLibMgd", "Swig\SwigODAExamples\Common\CSharp\OdCreationNetSwigExampleLib\OdCreationNetSwigExampleLibMgd.csproj", "{DA44D53D-6C7C-3BBF-BED9-9D1F58BE5EF2}"
	ProjectSection(ProjectDependencies) = postProject
	EndProjectSection
EndProject
Project("{FAE04EC0-301F-11D3-BF4B-00C04F79EFBC}") = "OdDgnExamplesLibMgd", "Swig\SwigODAExamples\Dgn\CSharp\OdDgnExamplesLib\OdDgnExamplesLibMgd.csproj", "{2B3DB3AF-F98F-3711-A8DE-2B3EFEA1C7E9}"
	ProjectSection(ProjectDependencies) = postProject
		{DF3B2B0F-266B-39C9-B280-67E442CB471A} = {DF3B2B0F-266B-39C9-B280-67E442CB471A}
	EndProjectSection
EndProject
Project("{FAE04EC0-301F-11D3-BF4B-00C04F79EFBC}") = "OdDgnExamplesUILibMgd", "Swig\SwigODAExamples\Dgn\CSharp\OdDgnExamplesUILib\OdDgnExamplesUILibMgd.csproj", "{85FC8E5A-A3EF-3CD1-A3BF-7CA8A67505D7}"
	ProjectSection(ProjectDependencies) = postProject
		{2B3DB3AF-F98F-3711-A8DE-2B3EFEA1C7E9} = {2B3DB3AF-F98F-3711-A8DE-2B3EFEA1C7E9}
		{DF3B2B0F-266B-39C9-B280-67E442CB471A} = {DF3B2B0F-266B-39C9-B280-67E442CB471A}
		{B28F2FEE-5FF4-3F63-8B04-E25E5096C5E2} = {B28F2FEE-5FF4-3F63-8B04-E25E5096C5E2}
	EndProjectSection
EndProject
Project("{FAE04EC0-301F-11D3-BF4B-00C04F79EFBC}") = "OdDrawingsExamplesLibMgd", "Swig\SwigODAExamples\Drawings\CSharp\OdDrawingsExamplesLib\OdDrawingsExamplesLibMgd.csproj", "{95949D93-5F60-3E1A-B2CD-059DF69874B4}"
	ProjectSection(ProjectDependencies) = postProject
		{DF3B2B0F-266B-39C9-B280-67E442CB471A} = {DF3B2B0F-266B-39C9-B280-67E442CB471A}
	EndProjectSection
EndProject
Project("{FAE04EC0-301F-11D3-BF4B-00C04F79EFBC}") = "OdDrawingsExamplesUILibMgd", "Swig\SwigODAExamples\Drawings\CSharp\OdDrawingsExamplesUILib\OdDrawingsExamplesUILibMgd.csproj", "{1F0C669C-67D9-3E5F-8B71-21BE37241C96}"
	ProjectSection(ProjectDependencies) = postProject
		{95949D93-5F60-3E1A-B2CD-059DF69874B4} = {95949D93-5F60-3E1A-B2CD-059DF69874B4}
		{DF3B2B0F-266B-39C9-B280-67E442CB471A} = {DF3B2B0F-266B-39C9-B280-67E442CB471A}
		{B28F2FEE-5FF4-3F63-8B04-E25E5096C5E2} = {B28F2FEE-5FF4-3F63-8B04-E25E5096C5E2}
	EndProjectSection
EndProject
Project("{FAE04EC0-301F-11D3-BF4B-00C04F79EFBC}") = "OdExGUIComponentsLibMgd", "Swig\SwigODAExamples\Common\CSharp\OdExGUIComponentsLib\OdExGUIComponentsLibMgd.csproj", "{953FB289-25A5-390C-A1E2-0F648A519A28}"
	ProjectSection(ProjectDependencies) = postProject
	EndProjectSection
EndProject
Project("{FAE04EC0-301F-11D3-BF4B-00C04F79EFBC}") = "OdExMultiThreadSwigExamplesMgd", "Swig\SwigODAExamples\Drawings\CSharp\OdExMultiThreadSwigExamples\OdExMultiThreadSwigExamplesMgd.csproj", "{6686F167-7023-30E9-96F2-19374B8C5572}"
	ProjectSection(ProjectDependencies) = postProject
		{DA44D53D-6C7C-3BBF-BED9-9D1F58BE5EF2} = {DA44D53D-6C7C-3BBF-BED9-9D1F58BE5EF2}
	EndProjectSection
EndProject
Project("{FAE04EC0-301F-11D3-BF4B-00C04F79EFBC}") = "OdExNonCOMPropertiesSwigMgd", "Swig\SwigODAExamples\Drawings\CSharp\OdExNonCOMPropertiesSwig\OdExNonCOMPropertiesSwigMgd.csproj", "{C94A53F7-F830-3DD9-94D2-9F0D660CF0FD}"
	ProjectSection(ProjectDependencies) = postProject
		{DA44D53D-6C7C-3BBF-BED9-9D1F58BE5EF2} = {DA44D53D-6C7C-3BBF-BED9-9D1F58BE5EF2}
	EndProjectSection
EndProject
Project("{FAE04EC0-301F-11D3-BF4B-00C04F79EFBC}") = "OdExPointCloudConverterSampleSwigMgd", "Swig\SwigODAExamples\PointCloud\CSharp\OdExPointCloudConverterSampleSwig\OdExPointCloudConverterSampleSwigMgd.csproj", "{4D10C946-0FAA-32B3-8717-68A72C6BF3C9}"
	ProjectSection(ProjectDependencies) = postProject
		{DA44D53D-6C7C-3BBF-BED9-9D1F58BE5EF2} = {DA44D53D-6C7C-3BBF-BED9-9D1F58BE5EF2}
	EndProjectSection
EndProject
Project("{FAE04EC0-301F-11D3-BF4B-00C04F79EFBC}") = "OdExRcsPointCloudReadExSwigMgd", "Swig\SwigODAExamples\PointCloud\CSharp\OdExRcsPointCloudReadExSwig\OdExRcsPointCloudReadExSwigMgd.csproj", "{CD205F1F-10A8-3592-A216-341FA9E9B34E}"
	ProjectSection(ProjectDependencies) = postProject
		{DA44D53D-6C7C-3BBF-BED9-9D1F58BE5EF2} = {DA44D53D-6C7C-3BBF-BED9-9D1F58BE5EF2}
	EndProjectSection
EndProject
Project("{FAE04EC0-301F-11D3-BF4B-00C04F79EFBC}") = "OdExWpfSampleDirectXMgd", "Swig\SwigODAExamples\Drawings\CSharp\OdExWpfSampleDirectX\OdExWpfSampleDirectXMgd.csproj", "{7E1E919F-6F56-319A-B0E0-AA5A5AFF5605}"
	ProjectSection(ProjectDependencies) = postProject
		{95949D93-5F60-3E1A-B2CD-059DF69874B4} = {95949D93-5F60-3E1A-B2CD-059DF69874B4}
		{1F0C669C-67D9-3E5F-8B71-21BE37241C96} = {1F0C669C-67D9-3E5F-8B71-21BE37241C96}
		{DF3B2B0F-266B-39C9-B280-67E442CB471A} = {DF3B2B0F-266B-39C9-B280-67E442CB471A}
		{B28F2FEE-5FF4-3F63-8B04-E25E5096C5E2} = {B28F2FEE-5FF4-3F63-8B04-E25E5096C5E2}
	EndProjectSection
EndProject
Project("{FAE04EC0-301F-11D3-BF4B-00C04F79EFBC}") = "OdExWpfSampleWinFormsHostMgd", "Swig\SwigODAExamples\Drawings\CSharp\OdExWpfSampleWinFormsHost\OdExWpfSampleWinFormsHostMgd.csproj", "{649430E8-82B0-31DB-990D-0EB028B40B05}"
	ProjectSection(ProjectDependencies) = postProject
		{95949D93-5F60-3E1A-B2CD-059DF69874B4} = {95949D93-5F60-3E1A-B2CD-059DF69874B4}
		{1F0C669C-67D9-3E5F-8B71-21BE37241C96} = {1F0C669C-67D9-3E5F-8B71-21BE37241C96}
		{DF3B2B0F-266B-39C9-B280-67E442CB471A} = {DF3B2B0F-266B-39C9-B280-67E442CB471A}
		{B28F2FEE-5FF4-3F63-8B04-E25E5096C5E2} = {B28F2FEE-5FF4-3F63-8B04-E25E5096C5E2}
	EndProjectSection
EndProject
Project("{FAE04EC0-301F-11D3-BF4B-00C04F79EFBC}") = "OdKernelExamplesLibMgd", "Swig\SwigODAExamples\Kernel\CSharp\OdKernelExamplesLib\OdKernelExamplesLibMgd.csproj", "{DF3B2B0F-266B-39C9-B280-67E442CB471A}"
	ProjectSection(ProjectDependencies) = postProject
	EndProjectSection
EndProject
Project("{FAE04EC0-301F-11D3-BF4B-00C04F79EFBC}") = "OdKernelExamplesUILibMgd", "Swig\SwigODAExamples\Kernel\CSharp\OdKernelExamplesUILib\OdKernelExamplesUILibMgd.csproj", "{B28F2FEE-5FF4-3F63-8B04-E25E5096C5E2}"
	ProjectSection(ProjectDependencies) = postProject
		{DF3B2B0F-266B-39C9-B280-67E442CB471A} = {DF3B2B0F-266B-39C9-B280-67E442CB471A}
	EndProjectSection
EndProject
Project("{FAE04EC0-301F-11D3-BF4B-00C04F79EFBC}") = "OdReadExSwigMgd", "Swig\SwigODAExamples\Drawings\CSharp\OdReadExSwig\OdReadExSwigMgd.csproj", "{30B955B8-2F1C-32BC-8628-423A0F1D2955}"
	ProjectSection(ProjectDependencies) = postProject
		{DA44D53D-6C7C-3BBF-BED9-9D1F58BE5EF2} = {DA44D53D-6C7C-3BBF-BED9-9D1F58BE5EF2}
		{DF3B2B0F-266B-39C9-B280-67E442CB471A} = {DF3B2B0F-266B-39C9-B280-67E442CB471A}
	EndProjectSection
EndProject
Project("{FAE04EC0-301F-11D3-BF4B-00C04F79EFBC}") = "OdWriteExSwigMgd", "Swig\SwigODAExamples\Drawings\CSharp\OdWriteExSwig\OdWriteExSwigMgd.csproj", "{C84ECF61-E316-39B1-B2A6-6EC85425E798}"
	ProjectSection(ProjectDependencies) = postProject
		{DA44D53D-6C7C-3BBF-BED9-9D1F58BE5EF2} = {DA44D53D-6C7C-3BBF-BED9-9D1F58BE5EF2}
		{DF3B2B0F-266B-39C9-B280-67E442CB471A} = {DF3B2B0F-266B-39C9-B280-67E442CB471A}
	EndProjectSection
EndProject
Project("{FAE04EC0-301F-11D3-BF4B-00C04F79EFBC}") = "OdaDgnAppSwigMgd", "Swig\SwigODAExamples\Dgn\CSharp\OdaDgnAppSwig\OdaDgnAppSwigMgd.csproj", "{B5FA77E0-6828-358A-BD95-392F0839F7B9}"
	ProjectSection(ProjectDependencies) = postProject
		{2B3DB3AF-F98F-3711-A8DE-2B3EFEA1C7E9} = {2B3DB3AF-F98F-3711-A8DE-2B3EFEA1C7E9}
		{85FC8E5A-A3EF-3CD1-A3BF-7CA8A67505D7} = {85FC8E5A-A3EF-3CD1-A3BF-7CA8A67505D7}
		{DF3B2B0F-266B-39C9-B280-67E442CB471A} = {DF3B2B0F-266B-39C9-B280-67E442CB471A}
		{B28F2FEE-5FF4-3F63-8B04-E25E5096C5E2} = {B28F2FEE-5FF4-3F63-8B04-E25E5096C5E2}
	EndProjectSection
EndProject
Project("{FAE04EC0-301F-11D3-BF4B-00C04F79EFBC}") = "OdaDwgAppSwigMgd", "Swig\SwigODAExamples\Drawings\CSharp\OdaDwgAppSwig\OdaDwgAppSwigMgd.csproj", "{FF3902A6-38BD-3411-8A81-0AFA25A7E6B5}"
	ProjectSection(ProjectDependencies) = postProject
		{95949D93-5F60-3E1A-B2CD-059DF69874B4} = {95949D93-5F60-3E1A-B2CD-059DF69874B4}
		{1F0C669C-67D9-3E5F-8B71-21BE37241C96} = {1F0C669C-67D9-3E5F-8B71-21BE37241C96}
		{953FB289-25A5-390C-A1E2-0F648A519A28} = {953FB289-25A5-390C-A1E2-0F648A519A28}
		{DF3B2B0F-266B-39C9-B280-67E442CB471A} = {DF3B2B0F-266B-39C9-B280-67E442CB471A}
		{B28F2FEE-5FF4-3F63-8B04-E25E5096C5E2} = {B28F2FEE-5FF4-3F63-8B04-E25E5096C5E2}
	EndProjectSection
EndProject
Project("{FAE04EC0-301F-11D3-BF4B-00C04F79EFBC}") = "OdaSDK_First_Net_AppMgd", "Swig\SwigODAExamples\Drawings\CSharp\OdaSDK_First_Net_App\OdaSDK_First_Net_AppMgd.csproj", "{0D9414C8-17B8-3934-A8D6-17ABC6274578}"
	ProjectSection(ProjectDependencies) = postProject
	EndProjectSection
EndProject
Project("{F184B08F-C81C-45F6-A57F-5ABD9991F28F}") = "VBDwgAppSwigMgd", "Swig\SwigODAExamples\Drawings\VB.NET\VBDwgAppSwigMgd\VBDwgAppSwigMgd.vbproj", "{073EAE7F-CEEE-3483-8297-D22A8C13D841}"
	ProjectSection(ProjectDependencies) = postProject
	EndProjectSection
EndProject
Global
	GlobalSection(SolutionConfigurationPlatforms) = preSolution
		Release|x64 = Release|x64
	EndGlobalSection
	GlobalSection(ProjectConfigurationPlatforms) = postSolution
		{31AD2E2B-FE87-3987-81A6-FD11914A89AF}.Release|x64.ActiveCfg = Release|x64
		{31AD2E2B-FE87-3987-81A6-FD11914A89AF}.Release|x64.Build.0 = Release|x64
		{B7EB2620-9D12-3FB0-BB31-D48B78DC7A6D}.Release|x64.ActiveCfg = Release|x64
		{B7EB2620-9D12-3FB0-BB31-D48B78DC7A6D}.Release|x64.Build.0 = Release|x64
		{2002A086-0EB1-3FB9-8DDC-4963F22D5320}.Release|x64.ActiveCfg = Release|x64
		{2002A086-0EB1-3FB9-8DDC-4963F22D5320}.Release|x64.Build.0 = Release|x64
		{DEBFFD73-EC78-3940-AB10-C0A40FB679DE}.Release|x64.ActiveCfg = Release|x64
		{DEBFFD73-EC78-3940-AB10-C0A40FB679DE}.Release|x64.Build.0 = Release|x64
		{0C85E26F-473F-3E9A-BE44-6E68DFD1BF03}.Release|x64.ActiveCfg = Release|x64
		{0C85E26F-473F-3E9A-BE44-6E68DFD1BF03}.Release|x64.Build.0 = Release|x64
		{9AF19135-90C8-3F28-BABC-E25EED64C719}.Release|x64.ActiveCfg = Release|x64
		{9AF19135-90C8-3F28-BABC-E25EED64C719}.Release|x64.Build.0 = Release|x64
		{51496A0D-72ED-312F-B731-D4F6B6E28026}.Release|x64.ActiveCfg = Release|x64
		{51496A0D-72ED-312F-B731-D4F6B6E28026}.Release|x64.Build.0 = Release|x64
		{C5859450-EA80-383D-AA8F-B671944F448B}.Release|x64.ActiveCfg = Release|x64
		{C5859450-EA80-383D-AA8F-B671944F448B}.Release|x64.Build.0 = Release|x64
		{C4B40564-5519-3397-9DC4-105E7EFEB972}.Release|x64.ActiveCfg = Release|x64
		{C4B40564-5519-3397-9DC4-105E7EFEB972}.Release|x64.Build.0 = Release|x64
		{1C7EF758-256E-37F3-A033-55DE44129032}.Release|x64.ActiveCfg = Release|x64
		{1C7EF758-256E-37F3-A033-55DE44129032}.Release|x64.Build.0 = Release|x64
		{AD3B0270-EECF-3261-9543-E6C5DFA69D68}.Release|x64.ActiveCfg = Release|x64
		{AD3B0270-EECF-3261-9543-E6C5DFA69D68}.Release|x64.Build.0 = Release|x64
		{DA44D53D-6C7C-3BBF-BED9-9D1F58BE5EF2}.Release|x64.ActiveCfg = Release|x64
		{DA44D53D-6C7C-3BBF-BED9-9D1F58BE5EF2}.Release|x64.Build.0 = Release|x64
		{2B3DB3AF-F98F-3711-A8DE-2B3EFEA1C7E9}.Release|x64.ActiveCfg = Release|x64
		{2B3DB3AF-F98F-3711-A8DE-2B3EFEA1C7E9}.Release|x64.Build.0 = Release|x64
		{85FC8E5A-A3EF-3CD1-A3BF-7CA8A67505D7}.Release|x64.ActiveCfg = Release|x64
		{85FC8E5A-A3EF-3CD1-A3BF-7CA8A67505D7}.Release|x64.Build.0 = Release|x64
		{95949D93-5F60-3E1A-B2CD-059DF69874B4}.Release|x64.ActiveCfg = Release|x64
		{95949D93-5F60-3E1A-B2CD-059DF69874B4}.Release|x64.Build.0 = Release|x64
		{1F0C669C-67D9-3E5F-8B71-21BE37241C96}.Release|x64.ActiveCfg = Release|x64
		{1F0C669C-67D9-3E5F-8B71-21BE37241C96}.Release|x64.Build.0 = Release|x64
		{953FB289-25A5-390C-A1E2-0F648A519A28}.Release|x64.ActiveCfg = Release|x64
		{953FB289-25A5-390C-A1E2-0F648A519A28}.Release|x64.Build.0 = Release|x64
		{6686F167-7023-30E9-96F2-19374B8C5572}.Release|x64.ActiveCfg = Release|x64
		{6686F167-7023-30E9-96F2-19374B8C5572}.Release|x64.Build.0 = Release|x64
		{C94A53F7-F830-3DD9-94D2-9F0D660CF0FD}.Release|x64.ActiveCfg = Release|x64
		{C94A53F7-F830-3DD9-94D2-9F0D660CF0FD}.Release|x64.Build.0 = Release|x64
		{4D10C946-0FAA-32B3-8717-68A72C6BF3C9}.Release|x64.ActiveCfg = Release|x64
		{4D10C946-0FAA-32B3-8717-68A72C6BF3C9}.Release|x64.Build.0 = Release|x64
		{CD205F1F-10A8-3592-A216-341FA9E9B34E}.Release|x64.ActiveCfg = Release|x64
		{CD205F1F-10A8-3592-A216-341FA9E9B34E}.Release|x64.Build.0 = Release|x64
		{7E1E919F-6F56-319A-B0E0-AA5A5AFF5605}.Release|x64.ActiveCfg = Release|x64
		{7E1E919F-6F56-319A-B0E0-AA5A5AFF5605}.Release|x64.Build.0 = Release|x64
		{649430E8-82B0-31DB-990D-0EB028B40B05}.Release|x64.ActiveCfg = Release|x64
		{649430E8-82B0-31DB-990D-0EB028B40B05}.Release|x64.Build.0 = Release|x64
		{DF3B2B0F-266B-39C9-B280-67E442CB471A}.Release|x64.ActiveCfg = Release|x64
		{DF3B2B0F-266B-39C9-B280-67E442CB471A}.Release|x64.Build.0 = Release|x64
		{B28F2FEE-5FF4-3F63-8B04-E25E5096C5E2}.Release|x64.ActiveCfg = Release|x64
		{B28F2FEE-5FF4-3F63-8B04-E25E5096C5E2}.Release|x64.Build.0 = Release|x64
		{30B955B8-2F1C-32BC-8628-423A0F1D2955}.Release|x64.ActiveCfg = Release|x64
		{30B955B8-2F1C-32BC-8628-423A0F1D2955}.Release|x64.Build.0 = Release|x64
		{C84ECF61-E316-39B1-B2A6-6EC85425E798}.Release|x64.ActiveCfg = Release|x64
		{C84ECF61-E316-39B1-B2A6-6EC85425E798}.Release|x64.Build.0 = Release|x64
		{B5FA77E0-6828-358A-BD95-392F0839F7B9}.Release|x64.ActiveCfg = Release|x64
		{B5FA77E0-6828-358A-BD95-392F0839F7B9}.Release|x64.Build.0 = Release|x64
		{FF3902A6-38BD-3411-8A81-0AFA25A7E6B5}.Release|x64.ActiveCfg = Release|x64
		{FF3902A6-38BD-3411-8A81-0AFA25A7E6B5}.Release|x64.Build.0 = Release|x64
		{0D9414C8-17B8-3934-A8D6-17ABC6274578}.Release|x64.ActiveCfg = Release|x64
		{0D9414C8-17B8-3934-A8D6-17ABC6274578}.Release|x64.Build.0 = Release|x64
		{073EAE7F-CEEE-3483-8297-D22A8C13D841}.Release|x64.ActiveCfg = Release|x64
		{073EAE7F-CEEE-3483-8297-D22A8C13D841}.Release|x64.Build.0 = Release|x64
	EndGlobalSection
	GlobalSection(NestedProjects) = preSolution
		{8A88D6B4-FE50-3DDB-B7AE-87705DDE6301} = {EC9A741C-AB52-3A54-96F6-454EFF93670D}
		{DA44D53D-6C7C-3BBF-BED9-9D1F58BE5EF2} = {8A88D6B4-FE50-3DDB-B7AE-87705DDE6301}
		{953FB289-25A5-390C-A1E2-0F648A519A28} = {8A88D6B4-FE50-3DDB-B7AE-87705DDE6301}
		{716BFC1C-55AF-3B23-B284-A9A6C2EC25AC} = {D664A98A-3853-3CE7-8977-1D19B35CA0A0}
		{702FCE63-4F9E-3820-81C9-55017CB95D4E} = {D664A98A-3853-3CE7-8977-1D19B35CA0A0}
		{7B944A9E-1F91-3F89-9202-49324BD474A5} = {D664A98A-3853-3CE7-8977-1D19B35CA0A0}
		{7D267601-831B-36D9-B3C0-479204637768} = {D664A98A-3853-3CE7-8977-1D19B35CA0A0}
		{8F771409-D050-3FFE-97A9-D723DF9FFF50} = {716BFC1C-55AF-3B23-B284-A9A6C2EC25AC}
		{C060B52B-7546-33B8-B4CD-D99A407997D3} = {8F771409-D050-3FFE-97A9-D723DF9FFF50}
		{2002A086-0EB1-3FB9-8DDC-4963F22D5320} = {8F771409-D050-3FFE-97A9-D723DF9FFF50}
		{DEBFFD73-EC78-3940-AB10-C0A40FB679DE} = {8F771409-D050-3FFE-97A9-D723DF9FFF50}
		{0C85E26F-473F-3E9A-BE44-6E68DFD1BF03} = {8F771409-D050-3FFE-97A9-D723DF9FFF50}
		{9AF19135-90C8-3F28-BABC-E25EED64C719} = {8F771409-D050-3FFE-97A9-D723DF9FFF50}
		{51496A0D-72ED-312F-B731-D4F6B6E28026} = {8F771409-D050-3FFE-97A9-D723DF9FFF50}
		{B5FA77E0-6828-358A-BD95-392F0839F7B9} = {8F771409-D050-3FFE-97A9-D723DF9FFF50}
		{2B3DB3AF-F98F-3711-A8DE-2B3EFEA1C7E9} = {C060B52B-7546-33B8-B4CD-D99A407997D3}
		{85FC8E5A-A3EF-3CD1-A3BF-7CA8A67505D7} = {C060B52B-7546-33B8-B4CD-D99A407997D3}
		{84392B05-A6BC-3410-9EF5-7A7C3306B2A2} = {702FCE63-4F9E-3820-81C9-55017CB95D4E}
		{D1CC7BE8-2642-39B7-95FD-D9B5DC13253E} = {702FCE63-4F9E-3820-81C9-55017CB95D4E}
		{39C42C9C-DB64-31A0-B9FA-FE107C03E895} = {84392B05-A6BC-3410-9EF5-7A7C3306B2A2}
		{31AD2E2B-FE87-3987-81A6-FD11914A89AF} = {84392B05-A6BC-3410-9EF5-7A7C3306B2A2}
		{B7EB2620-9D12-3FB0-BB31-D48B78DC7A6D} = {84392B05-A6BC-3410-9EF5-7A7C3306B2A2}
		{C5859450-EA80-383D-AA8F-B671944F448B} = {84392B05-A6BC-3410-9EF5-7A7C3306B2A2}
		{C4B40564-5519-3397-9DC4-105E7EFEB972} = {84392B05-A6BC-3410-9EF5-7A7C3306B2A2}
		{1C7EF758-256E-37F3-A033-55DE44129032} = {84392B05-A6BC-3410-9EF5-7A7C3306B2A2}
		{AD3B0270-EECF-3261-9543-E6C5DFA69D68} = {84392B05-A6BC-3410-9EF5-7A7C3306B2A2}
		{6686F167-7023-30E9-96F2-19374B8C5572} = {84392B05-A6BC-3410-9EF5-7A7C3306B2A2}
		{C94A53F7-F830-3DD9-94D2-9F0D660CF0FD} = {84392B05-A6BC-3410-9EF5-7A7C3306B2A2}
		{7E1E919F-6F56-319A-B0E0-AA5A5AFF5605} = {84392B05-A6BC-3410-9EF5-7A7C3306B2A2}
		{649430E8-82B0-31DB-990D-0EB028B40B05} = {84392B05-A6BC-3410-9EF5-7A7C3306B2A2}
		{30B955B8-2F1C-32BC-8628-423A0F1D2955} = {84392B05-A6BC-3410-9EF5-7A7C3306B2A2}
		{C84ECF61-E316-39B1-B2A6-6EC85425E798} = {84392B05-A6BC-3410-9EF5-7A7C3306B2A2}
		{FF3902A6-38BD-3411-8A81-0AFA25A7E6B5} = {84392B05-A6BC-3410-9EF5-7A7C3306B2A2}
		{0D9414C8-17B8-3934-A8D6-17ABC6274578} = {84392B05-A6BC-3410-9EF5-7A7C3306B2A2}
		{95949D93-5F60-3E1A-B2CD-059DF69874B4} = {39C42C9C-DB64-31A0-B9FA-FE107C03E895}
		{1F0C669C-67D9-3E5F-8B71-21BE37241C96} = {39C42C9C-DB64-31A0-B9FA-FE107C03E895}
		{073EAE7F-CEEE-3483-8297-D22A8C13D841} = {D1CC7BE8-2642-39B7-95FD-D9B5DC13253E}
		{727613A3-0AC2-3B22-AC44-06B945373784} = {7B944A9E-1F91-3F89-9202-49324BD474A5}
		{EE459F08-4E84-3670-8F46-E5D924C0E173} = {727613A3-0AC2-3B22-AC44-06B945373784}
		{DF3B2B0F-266B-39C9-B280-67E442CB471A} = {EE459F08-4E84-3670-8F46-E5D924C0E173}
		{B28F2FEE-5FF4-3F63-8B04-E25E5096C5E2} = {EE459F08-4E84-3670-8F46-E5D924C0E173}
		{5CA36997-F009-3F45-8C89-11CB3D758F88} = {7D267601-831B-36D9-B3C0-479204637768}
		{4D10C946-0FAA-32B3-8717-68A72C6BF3C9} = {5CA36997-F009-3F45-8C89-11CB3D758F88}
		{CD205F1F-10A8-3592-A216-341FA9E9B34E} = {5CA36997-F009-3F45-8C89-11CB3D758F88}
	EndGlobalSection
	GlobalSection(ExtensibilityGlobals) = postSolution
		SolutionGuid = {70711239-03D7-3C89-9443-91CD477D6E4C}
	EndGlobalSection
	GlobalSection(ExtensibilityAddIns) = postSolution
	EndGlobalSection
EndGlobal
