Microsoft Visual Studio Solution File, Format Version 12.00
# Visual Studio 16
Project("{2150E333-8FDC-42A3-9474-1A3956D46DE8}") = "CommonApplications", "CommonApplications", "{5E8076D7-9FC3-3D37-A1C1-261E19EF7812}"
EndProject
Project("{2150E333-8FDC-42A3-9474-1A3956D46DE8}") = "Prc", "CommonApplications\Prc", "{4A852D15-D589-3E88-9221-FE81210D3D4D}"
EndProject
Project("{2150E333-8FDC-42A3-9474-1A3956D46DE8}") = "Examples", "CommonApplications\Prc\Examples", "{5E5E001D-AB45-388C-A259-D338E049B255}"
EndProject
Project("{2150E333-8FDC-42A3-9474-1A3956D46DE8}") = "Exchange", "Exchange", "{FD8138A1-1216-3940-9380-A4D49B446F28}"
EndProject
Project("{2150E333-8FDC-42A3-9474-1A3956D46DE8}") = "Exports", "Exchange\Exports", "{66C4CE38-FF8E-37F5-9272-CE349E39DD59}"
EndProject
Project("{2150E333-8FDC-42A3-9474-1A3956D46DE8}") = "Prc", "Prc", "{43ADAA9F-1482-3576-AA88-DCC59EB1B37C}"
EndProject
Project("{2150E333-8FDC-42A3-9474-1A3956D46DE8}") = "Examples", "Prc\Examples", "{CEB9109C-4ED0-367D-8513-68132178C76B}"
EndProject
Project("{2150E333-8FDC-42A3-9474-1A3956D46DE8}") = "Exports", "Prc\Exports", "{AF08A185-B596-36A9-BFC0-59CFFAD8EEAE}"
EndProject
Project("{2150E333-8FDC-42A3-9474-1A3956D46DE8}") = "Extensions", "Prc\Extensions", "{B4168F0A-921F-3774-8848-F376DDCAC25E}"
EndProject
Project("{8BC9CEB8-8B4A-11D0-8D11-00A0C91BC942}") = "OdBim2PrcExport", "Exchange\Exports\Bim2PrcExport\OdBim2PrcExport.vcxproj", "{95B3DDC3-8113-3312-A2B3-B5BE2C117436}"
	ProjectSection(ProjectDependencies) = postProject
		{38DCEAC1-2A54-375F-8E27-3CE2D3D484BB} = {38DCEAC1-2A54-375F-8E27-3CE2D3D484BB}
	EndProjectSection
EndProject
Project("{8BC9CEB8-8B4A-11D0-8D11-00A0C91BC942}") = "OdDgn2PdfExportWithPrc", "CommonApplications\Prc\Examples\OdDgn2PdfExportWithPrc\OdDgn2PdfExportWithPrc.vcxproj", "{C5E7DE97-1F9C-3B6C-987E-A759C76A5C90}"
	ProjectSection(ProjectDependencies) = postProject
	EndProjectSection
EndProject
Project("{8BC9CEB8-8B4A-11D0-8D11-00A0C91BC942}") = "OdDgn2PrcExport", "Exchange\Exports\Dgn2PrcExport\OdDgn2PrcExport.vcxproj", "{B8E38711-7300-3B49-A494-B61E09AF9B79}"
	ProjectSection(ProjectDependencies) = postProject
		{38DCEAC1-2A54-375F-8E27-3CE2D3D484BB} = {38DCEAC1-2A54-375F-8E27-3CE2D3D484BB}
	EndProjectSection
EndProject
Project("{8BC9CEB8-8B4A-11D0-8D11-00A0C91BC942}") = "OdDwg2PrcExport", "Exchange\Exports\Dwg2PrcExport\OdDwg2PrcExport.vcxproj", "{9A538C7A-3D7E-3AD5-8477-99E37599E058}"
	ProjectSection(ProjectDependencies) = postProject
		{38DCEAC1-2A54-375F-8E27-3CE2D3D484BB} = {38DCEAC1-2A54-375F-8E27-3CE2D3D484BB}
	EndProjectSection
EndProject
Project("{8BC9CEB8-8B4A-11D0-8D11-00A0C91BC942}") = "OdPdfExportWithPrc", "CommonApplications\Prc\Examples\OdPdfExportWithPrc\OdPdfExportWithPrc.vcxproj", "{9E9D17F9-BDC4-3DF7-A952-F1950B6252EF}"
	ProjectSection(ProjectDependencies) = postProject
		{9A538C7A-3D7E-3AD5-8477-99E37599E058} = {9A538C7A-3D7E-3AD5-8477-99E37599E058}
		{38DCEAC1-2A54-375F-8E27-3CE2D3D484BB} = {38DCEAC1-2A54-375F-8E27-3CE2D3D484BB}
	EndProjectSection
EndProject
Project("{8BC9CEB8-8B4A-11D0-8D11-00A0C91BC942}") = "OdPrcAudit", "Prc\Examples\OdPrcAudit\OdPrcAudit.vcxproj", "{EEF8D0EE-91F9-3C86-832A-763A83279A1B}"
	ProjectSection(ProjectDependencies) = postProject
	EndProjectSection
EndProject
Project("{8BC9CEB8-8B4A-11D0-8D11-00A0C91BC942}") = "OdPrcBaseExport", "Prc\Export\PrcBaseExport\OdPrcBaseExport.vcxproj", "{38DCEAC1-2A54-375F-8E27-3CE2D3D484BB}"
	ProjectSection(ProjectDependencies) = postProject
	EndProjectSection
EndProject
Project("{8BC9CEB8-8B4A-11D0-8D11-00A0C91BC942}") = "OdPrcBrepBuilderEx", "CommonApplications\Prc\Examples\OdPrcBrepBuilderEx\OdPrcBrepBuilderEx.vcxproj", "{33248C7B-6B3C-30D6-A3EC-E2AF5C06E058}"
	ProjectSection(ProjectDependencies) = postProject
		{9A538C7A-3D7E-3AD5-8477-99E37599E058} = {9A538C7A-3D7E-3AD5-8477-99E37599E058}
		{38DCEAC1-2A54-375F-8E27-3CE2D3D484BB} = {38DCEAC1-2A54-375F-8E27-3CE2D3D484BB}
		{3F1AC004-2BC3-36BE-8B5D-5EC4B9D6F939} = {3F1AC004-2BC3-36BE-8B5D-5EC4B9D6F939}
	EndProjectSection
EndProject
Project("{8BC9CEB8-8B4A-11D0-8D11-00A0C91BC942}") = "OdPrcCreate", "CommonApplications\Prc\Examples\OdPrcCreate\OdPrcCreate.vcxproj", "{F8EE766B-E803-3C93-AF98-47C9536D89BC}"
	ProjectSection(ProjectDependencies) = postProject
		{9A538C7A-3D7E-3AD5-8477-99E37599E058} = {9A538C7A-3D7E-3AD5-8477-99E37599E058}
		{38DCEAC1-2A54-375F-8E27-3CE2D3D484BB} = {38DCEAC1-2A54-375F-8E27-3CE2D3D484BB}
	EndProjectSection
EndProject
Project("{8BC9CEB8-8B4A-11D0-8D11-00A0C91BC942}") = "OdPrcDumpModule", "Prc\Extensions\PrcDump\OdPrcDumpModule.vcxproj", "{3F1AC004-2BC3-36BE-8B5D-5EC4B9D6F939}"
	ProjectSection(ProjectDependencies) = postProject
	EndProjectSection
EndProject
Project("{8BC9CEB8-8B4A-11D0-8D11-00A0C91BC942}") = "OdPrcExCommands", "CommonApplications\Prc\Examples\OdPrcExCommands\OdPrcExCommands.vcxproj", "{EB743D78-0024-3E9B-8C5B-49BBF3A8ED2C}"
	ProjectSection(ProjectDependencies) = postProject
		{9A538C7A-3D7E-3AD5-8477-99E37599E058} = {9A538C7A-3D7E-3AD5-8477-99E37599E058}
		{38DCEAC1-2A54-375F-8E27-3CE2D3D484BB} = {38DCEAC1-2A54-375F-8E27-3CE2D3D484BB}
	EndProjectSection
EndProject
Project("{8BC9CEB8-8B4A-11D0-8D11-00A0C91BC942}") = "OdPrcPublish3dCmds", "Prc\Examples\OdPrcPublish3dCmds\OdPrcPublish3dCmds.vcxproj", "{12FC7E6F-B7ED-3FD3-9069-938953EEA3F8}"
	ProjectSection(ProjectDependencies) = postProject
	EndProjectSection
EndProject
Project("{8BC9CEB8-8B4A-11D0-8D11-00A0C91BC942}") = "OdPrcReadEx", "Prc\Examples\OdPrcReadEx\OdPrcReadEx.vcxproj", "{614554B0-AA67-3B22-AE21-4F065B73898F}"
	ProjectSection(ProjectDependencies) = postProject
		{3F1AC004-2BC3-36BE-8B5D-5EC4B9D6F939} = {3F1AC004-2BC3-36BE-8B5D-5EC4B9D6F939}
	EndProjectSection
EndProject
Project("{8BC9CEB8-8B4A-11D0-8D11-00A0C91BC942}") = "OdPrcToXml", "Prc\Examples\OdPrcToXml\OdPrcToXml.vcxproj", "{926FC159-9A01-307B-B806-07808FB96582}"
	ProjectSection(ProjectDependencies) = postProject
	EndProjectSection
EndProject
Project("{8BC9CEB8-8B4A-11D0-8D11-00A0C91BC942}") = "OdTdPrcDemoCmds", "CommonApplications\Prc\Examples\OdTdPrcDemoCmds\OdTdPrcDemoCmds.vcxproj", "{C125464B-B9C2-35F4-B03C-8F33F7640482}"
	ProjectSection(ProjectDependencies) = postProject
		{9A538C7A-3D7E-3AD5-8477-99E37599E058} = {9A538C7A-3D7E-3AD5-8477-99E37599E058}
		{38DCEAC1-2A54-375F-8E27-3CE2D3D484BB} = {38DCEAC1-2A54-375F-8E27-3CE2D3D484BB}
	EndProjectSection
EndProject
Project("{8BC9CEB8-8B4A-11D0-8D11-00A0C91BC942}") = "OdaPrcApp", "Prc\Examples\win\OdaPrcApp\OdaPrcApp.vcxproj", "{5D84921B-F27B-3225-AA75-8672780371B9}"
	ProjectSection(ProjectDependencies) = postProject
		{3F1AC004-2BC3-36BE-8B5D-5EC4B9D6F939} = {3F1AC004-2BC3-36BE-8B5D-5EC4B9D6F939}
	EndProjectSection
EndProject
Global
	GlobalSection(SolutionConfigurationPlatforms) = preSolution
		Release|x64 = Release|x64
	EndGlobalSection
	GlobalSection(ProjectConfigurationPlatforms) = postSolution
		{95B3DDC3-8113-3312-A2B3-B5BE2C117436}.Release|x64.ActiveCfg = Release|x64
		{95B3DDC3-8113-3312-A2B3-B5BE2C117436}.Release|x64.Build.0 = Release|x64
		{C5E7DE97-1F9C-3B6C-987E-A759C76A5C90}.Release|x64.ActiveCfg = Release|x64
		{C5E7DE97-1F9C-3B6C-987E-A759C76A5C90}.Release|x64.Build.0 = Release|x64
		{B8E38711-7300-3B49-A494-B61E09AF9B79}.Release|x64.ActiveCfg = Release|x64
		{B8E38711-7300-3B49-A494-B61E09AF9B79}.Release|x64.Build.0 = Release|x64
		{9A538C7A-3D7E-3AD5-8477-99E37599E058}.Release|x64.ActiveCfg = Release|x64
		{9A538C7A-3D7E-3AD5-8477-99E37599E058}.Release|x64.Build.0 = Release|x64
		{9E9D17F9-BDC4-3DF7-A952-F1950B6252EF}.Release|x64.ActiveCfg = Release|x64
		{9E9D17F9-BDC4-3DF7-A952-F1950B6252EF}.Release|x64.Build.0 = Release|x64
		{EEF8D0EE-91F9-3C86-832A-763A83279A1B}.Release|x64.ActiveCfg = Release|x64
		{EEF8D0EE-91F9-3C86-832A-763A83279A1B}.Release|x64.Build.0 = Release|x64
		{38DCEAC1-2A54-375F-8E27-3CE2D3D484BB}.Release|x64.ActiveCfg = Release|x64
		{38DCEAC1-2A54-375F-8E27-3CE2D3D484BB}.Release|x64.Build.0 = Release|x64
		{33248C7B-6B3C-30D6-A3EC-E2AF5C06E058}.Release|x64.ActiveCfg = Release|x64
		{33248C7B-6B3C-30D6-A3EC-E2AF5C06E058}.Release|x64.Build.0 = Release|x64
		{F8EE766B-E803-3C93-AF98-47C9536D89BC}.Release|x64.ActiveCfg = Release|x64
		{F8EE766B-E803-3C93-AF98-47C9536D89BC}.Release|x64.Build.0 = Release|x64
		{3F1AC004-2BC3-36BE-8B5D-5EC4B9D6F939}.Release|x64.ActiveCfg = Release|x64
		{3F1AC004-2BC3-36BE-8B5D-5EC4B9D6F939}.Release|x64.Build.0 = Release|x64
		{EB743D78-0024-3E9B-8C5B-49BBF3A8ED2C}.Release|x64.ActiveCfg = Release|x64
		{EB743D78-0024-3E9B-8C5B-49BBF3A8ED2C}.Release|x64.Build.0 = Release|x64
		{12FC7E6F-B7ED-3FD3-9069-938953EEA3F8}.Release|x64.ActiveCfg = Release|x64
		{12FC7E6F-B7ED-3FD3-9069-938953EEA3F8}.Release|x64.Build.0 = Release|x64
		{614554B0-AA67-3B22-AE21-4F065B73898F}.Release|x64.ActiveCfg = Release|x64
		{614554B0-AA67-3B22-AE21-4F065B73898F}.Release|x64.Build.0 = Release|x64
		{926FC159-9A01-307B-B806-07808FB96582}.Release|x64.ActiveCfg = Release|x64
		{926FC159-9A01-307B-B806-07808FB96582}.Release|x64.Build.0 = Release|x64
		{C125464B-B9C2-35F4-B03C-8F33F7640482}.Release|x64.ActiveCfg = Release|x64
		{C125464B-B9C2-35F4-B03C-8F33F7640482}.Release|x64.Build.0 = Release|x64
		{5D84921B-F27B-3225-AA75-8672780371B9}.Release|x64.ActiveCfg = Release|x64
		{5D84921B-F27B-3225-AA75-8672780371B9}.Release|x64.Build.0 = Release|x64
	EndGlobalSection
	GlobalSection(NestedProjects) = preSolution
		{4A852D15-D589-3E88-9221-FE81210D3D4D} = {5E8076D7-9FC3-3D37-A1C1-261E19EF7812}
		{5E5E001D-AB45-388C-A259-D338E049B255} = {4A852D15-D589-3E88-9221-FE81210D3D4D}
		{C5E7DE97-1F9C-3B6C-987E-A759C76A5C90} = {5E5E001D-AB45-388C-A259-D338E049B255}
		{9E9D17F9-BDC4-3DF7-A952-F1950B6252EF} = {5E5E001D-AB45-388C-A259-D338E049B255}
		{33248C7B-6B3C-30D6-A3EC-E2AF5C06E058} = {5E5E001D-AB45-388C-A259-D338E049B255}
		{F8EE766B-E803-3C93-AF98-47C9536D89BC} = {5E5E001D-AB45-388C-A259-D338E049B255}
		{EB743D78-0024-3E9B-8C5B-49BBF3A8ED2C} = {5E5E001D-AB45-388C-A259-D338E049B255}
		{C125464B-B9C2-35F4-B03C-8F33F7640482} = {5E5E001D-AB45-388C-A259-D338E049B255}
		{66C4CE38-FF8E-37F5-9272-CE349E39DD59} = {FD8138A1-1216-3940-9380-A4D49B446F28}
		{95B3DDC3-8113-3312-A2B3-B5BE2C117436} = {66C4CE38-FF8E-37F5-9272-CE349E39DD59}
		{B8E38711-7300-3B49-A494-B61E09AF9B79} = {66C4CE38-FF8E-37F5-9272-CE349E39DD59}
		{9A538C7A-3D7E-3AD5-8477-99E37599E058} = {66C4CE38-FF8E-37F5-9272-CE349E39DD59}
		{CEB9109C-4ED0-367D-8513-68132178C76B} = {43ADAA9F-1482-3576-AA88-DCC59EB1B37C}
		{AF08A185-B596-36A9-BFC0-59CFFAD8EEAE} = {43ADAA9F-1482-3576-AA88-DCC59EB1B37C}
		{B4168F0A-921F-3774-8848-F376DDCAC25E} = {43ADAA9F-1482-3576-AA88-DCC59EB1B37C}
		{EEF8D0EE-91F9-3C86-832A-763A83279A1B} = {CEB9109C-4ED0-367D-8513-68132178C76B}
		{12FC7E6F-B7ED-3FD3-9069-938953EEA3F8} = {CEB9109C-4ED0-367D-8513-68132178C76B}
		{614554B0-AA67-3B22-AE21-4F065B73898F} = {CEB9109C-4ED0-367D-8513-68132178C76B}
		{926FC159-9A01-307B-B806-07808FB96582} = {CEB9109C-4ED0-367D-8513-68132178C76B}
		{5D84921B-F27B-3225-AA75-8672780371B9} = {CEB9109C-4ED0-367D-8513-68132178C76B}
		{38DCEAC1-2A54-375F-8E27-3CE2D3D484BB} = {AF08A185-B596-36A9-BFC0-59CFFAD8EEAE}
		{3F1AC004-2BC3-36BE-8B5D-5EC4B9D6F939} = {B4168F0A-921F-3774-8848-F376DDCAC25E}
	EndGlobalSection
	GlobalSection(ExtensibilityGlobals) = postSolution
		SolutionGuid = {86D171CC-F806-3669-AD0F-F502B50E5FE0}
	EndGlobalSection
	GlobalSection(ExtensibilityAddIns) = postSolution
	EndGlobalSection
EndGlobal
