<?xml version="1.0" encoding="utf-8"?>
<Project ToolsVersion="16.0" xmlns="http://schemas.microsoft.com/developer/msbuild/2003">
  <ItemGroup>
    <ClCompile Include="..\..\..\..\..\Drawing\Examples\GripPoints\StdAfx.cpp">
      <Filter>Source Files</Filter>
    </ClCompile>
    <ClCompile Include="..\..\..\..\..\Drawing\Examples\GripPoints\DbLineGripPoints.cpp">
      <Filter>Source Files</Filter>
    </ClCompile>
    <ClCompile Include="..\..\..\..\..\Drawing\Examples\GripPoints\DbTextGripPoints.cpp">
      <Filter>Source Files</Filter>
    </ClCompile>
    <ClCompile Include="..\..\..\..\..\Drawing\Examples\GripPoints\DbCircleGripPoints.cpp">
      <Filter>Source Files</Filter>
    </ClCompile>
    <ClCompile Include="..\..\..\..\..\Drawing\Examples\GripPoints\DbDimGripPoints.cpp">
      <Filter>Source Files</Filter>
    </ClCompile>
    <ClCompile Include="..\..\..\..\..\Drawing\Examples\GripPoints\DbArcGripPoints.cpp">
      <Filter>Source Files</Filter>
    </ClCompile>
    <ClCompile Include="..\..\..\..\..\Drawing\Examples\GripPoints\DbPolylineGripPoints.cpp">
      <Filter>Source Files</Filter>
    </ClCompile>
    <ClCompile Include="..\..\..\..\..\Drawing\Examples\GripPoints\Db2dPolylineGripPoints.cpp">
      <Filter>Source Files</Filter>
    </ClCompile>
    <ClCompile Include="..\..\..\..\..\Drawing\Examples\GripPoints\Db3dPolylineGripPoints.cpp">
      <Filter>Source Files</Filter>
    </ClCompile>
    <ClCompile Include="..\..\..\..\..\Drawing\Examples\GripPoints\DbMlineGripPoints.cpp">
      <Filter>Source Files</Filter>
    </ClCompile>
    <ClCompile Include="..\..\..\..\..\Drawing\Examples\GripPoints\OdGripPointsModule.cpp">
      <Filter>Source Files</Filter>
    </ClCompile>
    <ClCompile Include="..\..\..\..\..\Drawing\Examples\GripPoints\DbEntityGripPoints.cpp">
      <Filter>Source Files</Filter>
    </ClCompile>
    <ClCompile Include="..\..\..\..\..\Drawing\Examples\GripPoints\DbBlockReferenceGripPoints.cpp">
      <Filter>Source Files</Filter>
    </ClCompile>
    <ClCompile Include="..\..\..\..\..\Drawing\Examples\GripPoints\DbMleaderGripPoints.cpp">
      <Filter>Source Files</Filter>
    </ClCompile>
    <ClCompile Include="..\..\..\..\..\Drawing\Examples\GripPoints\DbUnderlayGripPoints.cpp">
      <Filter>Source Files</Filter>
    </ClCompile>
    <ClCompile Include="..\..\..\..\..\Drawing\Examples\GripPoints\DbPdfUnderlayGripPoints.cpp">
      <Filter>Source Files</Filter>
    </ClCompile>
    <ClCompile Include="..\..\..\..\..\Drawing\Examples\GripPoints\DbDgnUnderlayGripPoints.cpp">
      <Filter>Source Files</Filter>
    </ClCompile>
    <ClCompile Include="..\..\..\..\..\Drawing\Examples\GripPoints\DbPolygonMeshGripPoints.cpp">
      <Filter>Source Files</Filter>
    </ClCompile>
    <ClCompile Include="..\..\..\..\..\Drawing\Examples\GripPoints\DbRasterImageGripPoints.cpp">
      <Filter>Source Files</Filter>
    </ClCompile>
    <ClCompile Include="..\..\..\..\..\Drawing\Examples\GripPoints\DbViewportGripPoints.cpp">
      <Filter>Source Files</Filter>
    </ClCompile>
    <ClCompile Include="..\..\..\..\..\Drawing\Examples\GripPoints\DbTraceGripPoints.cpp">
      <Filter>Source Files</Filter>
    </ClCompile>
    <ClCompile Include="..\..\..\..\..\Drawing\Examples\GripPoints\DbCameraGripPoints.cpp">
      <Filter>Source Files</Filter>
    </ClCompile>
    <ClCompile Include="..\..\..\..\..\Drawing\Examples\GripPoints\DbGeoPositionMarkerGripPoints.cpp">
      <Filter>Source Files</Filter>
    </ClCompile>
    <ClCompile Include="..\..\..\..\..\Drawing\Examples\GripPoints\DbOleGripPoints.cpp">
      <Filter>Source Files</Filter>
    </ClCompile>
    <ClCompile Include="..\..\..\..\..\Drawing\Examples\GripPoints\DbWipeOutGripPoints.cpp">
      <Filter>Source Files</Filter>
    </ClCompile>
    <ClCompile Include="..\..\..\..\..\Drawing\Examples\GripPoints\DbEllipseGripPoints.cpp">
      <Filter>Source Files</Filter>
    </ClCompile>
    <ClCompile Include="..\..\..\..\..\Drawing\Examples\GripPoints\DbFaceGripPoints.cpp">
      <Filter>Source Files</Filter>
    </ClCompile>
    <ClCompile Include="..\..\..\..\..\Drawing\Examples\GripPoints\DbMPolygonGripPoints.cpp">
      <Filter>Source Files</Filter>
    </ClCompile>
  </ItemGroup>
  <ItemGroup>
    <ClInclude Include="..\..\..\..\..\Drawing\Examples\GripPoints\StdAfx.h">
      <Filter>Header Files</Filter>
    </ClInclude>
    <ClInclude Include="..\..\..\..\..\Drawing\Examples\GripPoints\OdGripPointsModule.h">
      <Filter>Header Files</Filter>
    </ClInclude>
    <ClInclude Include="..\..\..\..\..\Drawing\Examples\GripPoints\DbArcGripPoints.h">
      <Filter>Header Files</Filter>
    </ClInclude>
    <ClInclude Include="..\..\..\..\..\Drawing\Examples\GripPoints\DbMlineGripPoints.h">
      <Filter>Header Files</Filter>
    </ClInclude>
    <ClInclude Include="..\..\..\..\..\Drawing\Examples\GripPoints\DbLineGripPoints.h">
      <Filter>Header Files</Filter>
    </ClInclude>
    <ClInclude Include="..\..\..\..\..\Drawing\Examples\GripPoints\DbTextGripPoints.h">
      <Filter>Header Files</Filter>
    </ClInclude>
    <ClInclude Include="..\..\..\..\..\Drawing\Examples\GripPoints\DbCircleGripPoints.h">
      <Filter>Header Files</Filter>
    </ClInclude>
    <ClInclude Include="..\..\..\..\..\Drawing\Examples\GripPoints\DbDimGripPoints.h">
      <Filter>Header Files</Filter>
    </ClInclude>
    <ClInclude Include="..\..\..\..\..\Drawing\Examples\GripPoints\DbBlockReferenceGripPoints.h">
      <Filter>Header Files</Filter>
    </ClInclude>
    <ClInclude Include="..\..\..\..\..\Drawing\Examples\GripPoints\DbEntityGripPoints.h">
      <Filter>Header Files</Filter>
    </ClInclude>
    <ClInclude Include="..\..\..\..\..\Drawing\Examples\GripPoints\DbPolylineGripPoints.h">
      <Filter>Header Files</Filter>
    </ClInclude>
    <ClInclude Include="..\..\..\..\..\Drawing\Examples\GripPoints\Db2dPolylineGripPoints.h">
      <Filter>Header Files</Filter>
    </ClInclude>
    <ClInclude Include="..\..\..\..\..\Drawing\Examples\GripPoints\Db3dPolylineGripPoints.h">
      <Filter>Header Files</Filter>
    </ClInclude>
    <ClInclude Include="..\..\..\..\..\Drawing\Examples\GripPoints\DbPolygonMeshGripPoints.h">
      <Filter>Header Files</Filter>
    </ClInclude>
    <ClInclude Include="..\..\..\..\..\Drawing\Examples\GripPoints\DbRasterImageGripPoints.h">
      <Filter>Header Files</Filter>
    </ClInclude>
    <ClInclude Include="..\..\..\..\..\Drawing\Examples\GripPoints\DbUnderlayGripPoints.h">
      <Filter>Header Files</Filter>
    </ClInclude>
    <ClInclude Include="..\..\..\..\..\Drawing\Examples\GripPoints\DbPdfUnderlayGripPoints.h">
      <Filter>Header Files</Filter>
    </ClInclude>
    <ClInclude Include="..\..\..\..\..\Drawing\Examples\GripPoints\DbDgnUnderlayGripPoints.h">
      <Filter>Header Files</Filter>
    </ClInclude>
    <ClInclude Include="..\..\..\..\..\Drawing\Examples\GripPoints\DbViewportGripPoints.h">
      <Filter>Header Files</Filter>
    </ClInclude>
    <ClInclude Include="..\..\..\..\..\Drawing\Examples\GripPoints\DbTraceGripPoints.h">
      <Filter>Header Files</Filter>
    </ClInclude>
    <ClInclude Include="..\..\..\..\..\Drawing\Examples\GripPoints\DbCameraGripPoints.h">
      <Filter>Header Files</Filter>
    </ClInclude>
    <ClInclude Include="..\..\..\..\..\Drawing\Examples\GripPoints\DbMleaderGripPoints.h">
      <Filter>Header Files</Filter>
    </ClInclude>
    <ClInclude Include="..\..\..\..\..\Drawing\Examples\GripPoints\DbGeoPositionMarkerGripPoints.h">
      <Filter>Header Files</Filter>
    </ClInclude>
    <ClInclude Include="..\..\..\..\..\Drawing\Examples\GripPoints\DbOleGripPoints.h">
      <Filter>Header Files</Filter>
    </ClInclude>
    <ClInclude Include="..\..\..\..\..\Drawing\Examples\GripPoints\DbWipeOutGripPoints.h">
      <Filter>Header Files</Filter>
    </ClInclude>
    <ClInclude Include="..\..\..\..\..\Drawing\Examples\GripPoints\DbEllipseGripPoints.h">
      <Filter>Header Files</Filter>
    </ClInclude>
    <ClInclude Include="..\..\..\..\..\Drawing\Examples\GripPoints\DbFaceGripPoints.h">
      <Filter>Header Files</Filter>
    </ClInclude>
    <ClInclude Include="..\..\..\..\..\Drawing\Examples\GripPoints\DbMPolygonGripPoints.h">
      <Filter>Header Files</Filter>
    </ClInclude>
  </ItemGroup>
  <ItemGroup>
    <ResourceCompile Include="..\..\..\..\..\Drawing\Examples\GripPoints\GripPoints.rc">
      <Filter>Source Files</Filter>
    </ResourceCompile>
  </ItemGroup>
  <ItemGroup>
    <Filter Include="Header Files">
      <UniqueIdentifier>{A3F93AE4-FF10-3AE5-8981-4203B9801E42}</UniqueIdentifier>
    </Filter>
    <Filter Include="Source Files">
      <UniqueIdentifier>{665CBC4F-262C-3152-B2C0-FA95CCC27D37}</UniqueIdentifier>
    </Filter>
  </ItemGroup>
</Project>
