<?xml version="1.0" encoding="utf-8"?>
<Project ToolsVersion="16.0" xmlns="http://schemas.microsoft.com/developer/msbuild/2003">
  <ItemGroup>
    <ClCompile Include="..\..\..\..\..\..\CommonApplications\Prc\Examples\OdPrcBrepBuilderEx\OdPrcBrepBuilderEx.cpp">
      <Filter>Source Files</Filter>
    </ClCompile>
    <ClCompile Include="..\..\..\..\..\..\CommonApplications\Prc\Examples\OdPrcBrepBuilderEx\BBExStart.cpp">
      <Filter>Source Files</Filter>
    </ClCompile>
    <ClCompile Include="..\..\..\..\..\..\Prc\Extensions\ExServices\ExPrcHostAppServices.cpp">
      <Filter>Source Files</Filter>
    </ClCompile>
    <ClCompile Include="..\..\..\..\..\..\Prc\Examples\Common\PrcCreateTopologyHelper.cpp">
      <Filter>Source Files</Filter>
    </ClCompile>
    <ClCompile Include="..\..\..\..\..\..\CommonApplications\Prc\Examples\OdPrcBrepBuilderEx\Box.cpp">
      <Filter>Source Files</Filter>
    </ClCompile>
    <ClCompile Include="..\..\..\..\..\..\CommonApplications\Prc\Examples\OdPrcBrepBuilderEx\ComplexPlane.cpp">
      <Filter>Source Files</Filter>
    </ClCompile>
    <ClCompile Include="..\..\..\..\..\..\CommonApplications\Prc\Examples\OdPrcBrepBuilderEx\Cylinder.cpp">
      <Filter>Source Files</Filter>
    </ClCompile>
    <ClCompile Include="..\..\..\..\..\..\CommonApplications\Prc\Examples\OdPrcBrepBuilderEx\Cone.cpp">
      <Filter>Source Files</Filter>
    </ClCompile>
    <ClCompile Include="..\..\..\..\..\..\CommonApplications\Prc\Examples\OdPrcBrepBuilderEx\Sphere.cpp">
      <Filter>Source Files</Filter>
    </ClCompile>
    <ClCompile Include="..\..\..\..\..\..\CommonApplications\Prc\Examples\OdPrcBrepBuilderEx\Torus.cpp">
      <Filter>Source Files</Filter>
    </ClCompile>
    <ClCompile Include="..\..\..\..\..\..\KernelBase\Extensions\alloc\OdAllocOp.cpp">
      <Filter>Source Files</Filter>
    </ClCompile>
  </ItemGroup>
  <ItemGroup>
    <ClInclude Include="..\..\..\..\..\..\CommonApplications\Prc\Examples\OdPrcBrepBuilderEx\ExCases.h">
      <Filter>Header Files</Filter>
    </ClInclude>
    <ClInclude Include="..\..\..\..\..\..\CommonApplications\Prc\Examples\OdPrcBrepBuilderEx\BBExStart.h">
      <Filter>Header Files</Filter>
    </ClInclude>
    <ClInclude Include="..\..\..\..\..\..\Prc\Extensions\ExServices\ExPrcHostAppServices.h">
      <Filter>Header Files</Filter>
    </ClInclude>
    <ClInclude Include="..\..\..\..\..\..\Prc\Examples\Common\PrcCreateTopologyHelper.h">
      <Filter>Header Files</Filter>
    </ClInclude>
  </ItemGroup>
  <ItemGroup>
    <ResourceCompile Include="..\..\..\..\..\..\CommonApplications\Prc\Examples\OdPrcBrepBuilderEx\OdPrcBrepBuilderEx.rc">
      <Filter>Source Files</Filter>
    </ResourceCompile>
  </ItemGroup>
  <ItemGroup>
    <Filter Include="Header Files">
      <UniqueIdentifier>{1CC50AD4-BB08-3A3B-9992-770670020AC4}</UniqueIdentifier>
    </Filter>
    <Filter Include="Source Files">
      <UniqueIdentifier>{07678188-B71C-30B9-8936-000009EDE540}</UniqueIdentifier>
    </Filter>
  </ItemGroup>
</Project>
