<?xml version="1.0" encoding="utf-8"?>
<Project ToolsVersion="16.0" xmlns="http://schemas.microsoft.com/developer/msbuild/2003">
  <ItemGroup>
    <ClCompile Include="..\..\..\..\..\Prc\Export\PrcBaseExport\Source\PrcExportContext.cpp">
      <Filter>Source Files</Filter>
    </ClCompile>
    <ClCompile Include="..\..\..\..\..\Prc\Export\PrcBaseExport\Source\PrcExport.cpp">
      <Filter>Source Files</Filter>
    </ClCompile>
    <ClCompile Include="..\..\..\..\..\Prc\Export\PrcBaseExport\Source\PrcBaseExportModule.cpp">
      <Filter>Source Files</Filter>
    </ClCompile>
    <ClCompile Include="..\..\..\..\..\Prc\Export\PrcBaseExport\Source\PrcExportMaterial.cpp">
      <Filter>Source Files</Filter>
    </ClCompile>
    <ClCompile Include="..\..\..\..\..\Prc\Examples\Common\PrcCreateMeshHelper.cpp">
      <Filter>Source Files</Filter>
    </ClCompile>
    <ClCompile Include="..\..\..\..\..\Prc\Examples\Common\PrcCreateTopologyHelper.cpp">
      <Filter>Source Files</Filter>
    </ClCompile>
    <ClCompile Include="..\..\..\..\..\Prc\Export\PrcBaseExport\Source\PdfExportServiceImpl.cpp">
      <Filter>Source Files</Filter>
    </ClCompile>
    <ClCompile Include="..\..\..\..\..\Prc\Export\PrcBaseExport\Source\PrcBaseExportGiDrawablePE_Default.cpp">
      <Filter>Source Files</Filter>
    </ClCompile>
    <ClCompile Include="..\..\..\..\..\Prc\Export\PrcBaseExport\Source\PrcMaterialAndColorHelper.cpp">
      <Filter>Source Files</Filter>
    </ClCompile>
  </ItemGroup>
  <ItemGroup>
    <ClInclude Include="..\..\..\..\..\Prc\Export\PrcBaseExport\Include\PrcExportContext.h">
      <Filter>Header Files</Filter>
    </ClInclude>
    <ClInclude Include="..\..\..\..\..\Prc\Export\PrcBaseExport\Include\PrcBaseExportModule.h">
      <Filter>Header Files</Filter>
    </ClInclude>
    <ClInclude Include="..\..\..\..\..\Prc\Export\PrcBaseExport\Include\PrcExportDef.h">
      <Filter>Header Files</Filter>
    </ClInclude>
    <ClInclude Include="..\..\..\..\..\Prc\Export\PrcBaseExport\Include\PrcExport.h">
      <Filter>Header Files</Filter>
    </ClInclude>
    <ClInclude Include="..\..\..\..\..\Prc\Export\PrcBaseExport\Include\PrcExportColor.h">
      <Filter>Header Files</Filter>
    </ClInclude>
    <ClInclude Include="..\..\..\..\..\Prc\Examples\Common\PrcCreateTopologyHelper.h">
      <Filter>Header Files</Filter>
    </ClInclude>
    <ClInclude Include="..\..\..\..\..\Prc\Examples\Common\PrcCreateMeshHelper.h">
      <Filter>Header Files</Filter>
    </ClInclude>
    <ClInclude Include="..\..\..\..\..\Prc\Export\PrcBaseExport\Include\PdfExportServiceImpl.h">
      <Filter>Header Files</Filter>
    </ClInclude>
    <ClInclude Include="..\..\..\..\..\Prc\Export\PrcBaseExport\Include\PrcBaseExportGiDrawablePE_Default.h">
      <Filter>Header Files</Filter>
    </ClInclude>
    <ClInclude Include="..\..\..\..\..\Prc\Export\PrcBaseExport\Include\PrcMaterialAndColorHelper.h">
      <Filter>Header Files</Filter>
    </ClInclude>
    <ClInclude Include="..\..\..\..\..\Prc\Export\PrcBaseExport\Include\PrcBaseContextForPdfExportImpl.h">
      <Filter>Header Files</Filter>
    </ClInclude>
  </ItemGroup>
  <ItemGroup>
    <ResourceCompile Include="..\..\..\..\..\Prc\Export\PrcBaseExport\Source\PrcBaseExport.rc">
      <Filter>Source Files</Filter>
    </ResourceCompile>
  </ItemGroup>
  <ItemGroup>
    <Filter Include="Header Files">
      <UniqueIdentifier>{1CC50AD4-BB08-3A3B-9992-770670020AC4}</UniqueIdentifier>
    </Filter>
    <Filter Include="Source Files">
      <UniqueIdentifier>{07678188-B71C-30B9-8936-000009EDE540}</UniqueIdentifier>
    </Filter>
  </ItemGroup>
</Project>
