<?xml version="1.0" encoding="utf-8"?>
<Project ToolsVersion="16.0" xmlns="http://schemas.microsoft.com/developer/msbuild/2003">
  <ItemGroup>
    <ClCompile Include="..\..\..\..\..\..\CommonApplications\Ifc\Examples\ExNv2IfcExport\ExNv2IfcExport.cpp">
      <Filter>Source Files</Filter>
    </ClCompile>
    <ClCompile Include="..\..\..\..\..\..\Kernel\Extensions\ExServices\RxSystemServicesImpl.cpp">
      <Filter>Source Files</Filter>
    </ClCompile>
    <ClCompile Include="..\..\..\..\..\..\Kernel\Extensions\ExServices\OdFileBuf.cpp">
      <Filter>Source Files</Filter>
    </ClCompile>
    <ClCompile Include="..\..\..\..\..\..\KernelBase\Extensions\alloc\OdAllocOp.cpp">
      <Filter>Source Files</Filter>
    </ClCompile>
  </ItemGroup>
  <ItemGroup>
    <ResourceCompile Include="..\..\..\..\..\..\CommonApplications\Ifc\Examples\ExNv2IfcExport\ExNv2IfcExport.rc">
      <Filter>Source Files</Filter>
    </ResourceCompile>
  </ItemGroup>
  <ItemGroup>
    <Filter Include="Source Files">
      <UniqueIdentifier>{06CAB9B1-521A-38FB-BDAD-5991FAF99E7F}</UniqueIdentifier>
    </Filter>
  </ItemGroup>
</Project>
